// !$*UTF8*$!
{
	archiveVersion = 1;
	classes = {
	};
	objectVersion = 46;
	objects = {

/* Begin PBXBuildFile section */
		D42685AA1BE2F97C0082CA2F /* operating-systems-project-1.c in Sources */ = {isa = PBXBuildFile; fileRef = D42685A71BE2F97C0082CA2F /* operating-systems-project-1.c */; };
		D42685AB1BE2F97C0082CA2F /* proj-1.c in Sources */ = {isa = PBXBuildFile; fileRef = D42685A81BE2F97C0082CA2F /* proj-1.c */; };
/* End PBXBuildFile section */

/* Begin PBXCopyFilesBuildPhase section */
		D426859A1BE2F21F0082CA2F /* CopyFiles */ = {
			isa = PBXCopyFilesBuildPhase;
			buildActionMask = 2147483647;
			dstPath = /usr/share/man/man1/;
			dstSubfolderSpec = 0;
			files = (
			);
			runOnlyForDeploymentPostprocessing = 1;
		};
/* End PBXCopyFilesBuildPhase section */

/* Begin PBXFileReference section */
		D426859C1BE2F21F0082CA2F /* operating.systems */ = {isa = PBXFileReference; explicitFileType = "compiled.mach-o.executable"; includeInIndex = 0; path = operating.systems; sourceTree = BUILT_PRODUCTS_DIR; };
		D42685A61BE2F2310082CA2F /* src */ = {isa = PBXFileReference; lastKnownFileType = folder; name = src; path = ../src; sourceTree = "<group>"; };
		D42685A71BE2F97C0082CA2F /* operating-systems-project-1.c */ = {isa = PBXFileReference; fileEncoding = 4; lastKnownFileType = sourcecode.c.c; name = "operating-systems-project-1.c"; path = "../../src/operating-systems-project-1.c"; sourceTree = "<group>"; };
		D42685A81BE2F97C0082CA2F /* proj-1.c */ = {isa = PBXFileReference; fileEncoding = 4; lastKnownFileType = sourcecode.c.c; name = "proj-1.c"; path = "../../src/proj-1.c"; sourceTree = "<group>"; };
		D42685A91BE2F97C0082CA2F /* q.h */ = {isa = PBXFileReference; fileEncoding = 4; lastKnownFileType = sourcecode.c.h; name = q.h; path = ../../src/q.h; sourceTree = "<group>"; };
/* End PBXFileReference section */

/* Begin PBXFrameworksBuildPhase section */
		D42685991BE2F21F0082CA2F /* Frameworks */ = {
			isa = PBXFrameworksBuildPhase;
			buildActionMask = 2147483647;
			files = (
			);
			runOnlyForDeploymentPostprocessing = 0;
		};
/* End PBXFrameworksBuildPhase section */

/* Begin PBXGroup section */
		D42685931BE2F21F0082CA2F = {
			isa = PBXGroup;
			children = (
				D42685A61BE2F2310082CA2F /* src */,
				D426859E1BE2F21F0082CA2F /* operating.systems */,
				D426859D1BE2F21F0082CA2F /* Products */,
			);
			sourceTree = "<group>";
		};
		D426859D1BE2F21F0082CA2F /* Products */ = {
			isa = PBXGroup;
			children = (
				D426859C1BE2F21F0082CA2F /* operating.systems */,
			);
			name = Products;
			sourceTree = "<group>";
		};
		D426859E1BE2F21F0082CA2F /* operating.systems */ = {
			isa = PBXGroup;
			children = (
				D42685A71BE2F97C0082CA2F /* operating-systems-project-1.c */,
				D42685A81BE2F97C0082CA2F /* proj-1.c */,
				D42685A91BE2F97C0082CA2F /* q.h */,
			);
			path = operating.systems;
			sourceTree = "<group>";
		};
/* End PBXGroup section */

/* Begin PBXNativeTarget section */
		D426859B1BE2F21F0082CA2F /* operating.systems */ = {
			isa = PBXNativeTarget;
			buildConfigurationList = D42685A31BE2F21F0082CA2F /* Build configuration list for PBXNativeTarget "operating.systems" */;
			buildPhases = (
				D42685981BE2F21F0082CA2F /* Sources */,
				D42685991BE2F21F0082CA2F /* Frameworks */,
				D426859A1BE2F21F0082CA2F /* CopyFiles */,
			);
			buildRules = (
			);
			dependencies = (
			);
			name = operating.systems;
			productName = operating.systems;
			productReference = D426859C1BE2F21F0082CA2F /* operating.systems */;
			productType = "com.apple.product-type.tool";
		};
/* End PBXNativeTarget section */

/* Begin PBXProject section */
		D42685941BE2F21F0082CA2F /* Project object */ = {
			isa = PBXProject;
			attributes = {
				LastUpgradeCheck = 0710;
				ORGANIZATIONNAME = "James Kieley";
				TargetAttributes = {
					D426859B1BE2F21F0082CA2F = {
						CreatedOnToolsVersion = 7.1;
					};
				};
			};
			buildConfigurationList = D42685971BE2F21F0082CA2F /* Build configuration list for PBXProject "operating.systems" */;
			compatibilityVersion = "Xcode 3.2";
			developmentRegion = English;
			hasScannedForEncodings = 0;
			knownRegions = (
				en,
			);
			mainGroup = D42685931BE2F21F0082CA2F;
			productRefGroup = D426859D1BE2F21F0082CA2F /* Products */;
			projectDirPath = "";
			projectRoot = "";
			targets = (
				D426859B1BE2F21F0082CA2F /* operating.systems */,
			);
		};
/* End PBXProject section */

/* Begin PBXSourcesBuildPhase section */
		D42685981BE2F21F0082CA2F /* Sources */ = {
			isa = PBXSourcesBuildPhase;
			buildActionMask = 2147483647;
			files = (
				D42685AA1BE2F97C0082CA2F /* operating-systems-project-1.c in Sources */,
				D42685AB1BE2F97C0082CA2F /* proj-1.c in Sources */,
			);
			runOnlyForDeploymentPostprocessing = 0;
		};
/* End PBXSourcesBuildPhase section */

/* Begin XCBuildConfiguration section */
		D42685A11BE2F21F0082CA2F /* Debug */ = {
			isa = XCBuildConfiguration;
			buildSettings = {
				ALWAYS_SEARCH_USER_PATHS = NO;
				CLANG_CXX_LANGUAGE_STANDARD = "gnu++0x";
				CLANG_CXX_LIBRARY = "libc++";
				CLANG_ENABLE_MODULES = YES;
				CLANG_ENABLE_OBJC_ARC = YES;
				CLANG_WARN_BOOL_CONVERSION = YES;
				CLANG_WARN_CONSTANT_CONVERSION = YES;
				CLANG_WARN_DIRECT_OBJC_ISA_USAGE = YES_ERROR;
				CLANG_WARN_EMPTY_BODY = YES;
				CLANG_WARN_ENUM_CONVERSION = YES;
				CLANG_WARN_INT_CONVERSION = YES;
				CLANG_WARN_OBJC_ROOT_CLASS = YES_ERROR;
				CLANG_WARN_UNREACHABLE_CODE = YES;
				CLANG_WARN__DUPLICATE_METHOD_MATCH = YES;
				CODE_SIGN_IDENTITY = "-";
				COPY_PHASE_STRIP = NO;
				DEBUG_INFORMATION_FORMAT = dwarf;
				ENABLE_STRICT_OBJC_MSGSEND = YES;
				ENABLE_TESTABILITY = YES;
				GCC_C_LANGUAGE_STANDARD = gnu99;
				GCC_DYNAMIC_NO_PIC = NO;
				GCC_NO_COMMON_BLOCKS = YES;
				GCC_OPTIMIZATION_LEVEL = 0;
				GCC_PREPROCESSOR_DEFINITIONS = (
					"DEBUG=1",
					"$(inherited)",
				);
				GCC_WARN_64_TO_32_BIT_CONVERSION = YES;
				GCC_WARN_ABOUT_RETURN_TYPE = YES_ERROR;
				GCC_WARN_UNDECLARED_SELECTOR = YES;
				GCC_WARN_UNINITIALIZED_AUTOS = YES_AGGRESSIVE;
				GCC_WARN_UNUSED_FUNCTION = YES;
				GCC_WARN_UNUSED_VARIABLE = YES;
				MACOSX_DEPLOYMENT_TARGET = 10.10;
				MTL_ENABLE_DEBUG_INFO = YES;
				ONLY_ACTIVE_ARCH = YES;
				SDKROOT = macosx;
			};
			name = Debug;
		};
		D42685A21BE2F21F0082CA2F /* Release */ = {
			isa = XCBuildConfiguration;
			buildSettings = {
				ALWAYS_SEARCH_USER_PATHS = NO;
				CLANG_CXX_LANGUAGE_STANDARD = "gnu++0x";
				CLANG_CXX_LIBRARY = "libc++";
				CLANG_ENABLE_MODULES = YES;
				CLANG_ENABLE_OBJC_ARC = YES;
				CLANG_WARN_BOOL_CONVERSION = YES;
				CLANG_WARN_CONSTANT_CONVERSION = YES;
				CLANG_WARN_DIRECT_OBJC_ISA_USAGE = YES_ERROR;
				CLANG_WARN_EMPTY_BODY = YES;
				CLANG_WARN_ENUM_CONVERSION = YES;
				CLANG_WARN_INT_CONVERSION = YES;
				CLANG_WARN_OBJC_ROOT_CLASS = YES_ERROR;
				CLANG_WARN_UNREACHABLE_CODE = YES;
				CLANG_WARN__DUPLICATE_METHOD_MATCH = YES;
				CODE_SIGN_IDENTITY = "-";
				COPY_PHASE_STRIP = NO;
				DEBUG_INFORMATION_FORMAT = "dwarf-with-dsym";
				ENABLE_NS_ASSERTIONS = NO;
				ENABLE_STRICT_OBJC_MSGSEND = YES;
				GCC_C_LANGUAGE_STANDARD = gnu99;
				GCC_NO_COMMON_BLOCKS = YES;
				GCC_WARN_64_TO_32_BIT_CONVERSION = YES;
				GCC_WARN_ABOUT_RETURN_TYPE = YES_ERROR;
				GCC_WARN_UNDECLARED_SELECTOR = YES;
				GCC_WARN_UNINITIALIZED_AUTOS = YES_AGGRESSIVE;
				GCC_WARN_UNUSED_FUNCTION = YES;
				GCC_WARN_UNUSED_VARIABLE = YES;
				MACOSX_DEPLOYMENT_TARGET = 10.10;
				MTL_ENABLE_DEBUG_INFO = NO;
				SDKROOT = macosx;
			};
			name = Release;
		};
		D42685A41BE2F21F0082CA2F /* Debug */ = {
			isa = XCBuildConfiguration;
			buildSettings = {
				PRODUCT_NAME = "$(TARGET_NAME)";
			};
			name = Debug;
		};
		D42685A51BE2F21F0082CA2F /* Release */ = {
			isa = XCBuildConfiguration;
			buildSettings = {
				PRODUCT_NAME = "$(TARGET_NAME)";
			};
			name = Release;
		};
/* End XCBuildConfiguration section */

/* Begin XCConfigurationList section */
		D42685971BE2F21F0082CA2F /* Build configuration list for PBXProject "operating.systems" */ = {
			isa = XCConfigurationList;
			buildConfigurations = (
				D42685A11BE2F21F0082CA2F /* Debug */,
				D42685A21BE2F21F0082CA2F /* Release */,
			);
			defaultConfigurationIsVisible = 0;
			defaultConfigurationName = Release;
		};
		D42685A31BE2F21F0082CA2F /* Build configuration list for PBXNativeTarget "operating.systems" */ = {
			isa = XCConfigurationList;
			buildConfigurations = (
				D42685A41BE2F21F0082CA2F /* Debug */,
				D42685A51BE2F21F0082CA2F /* Release */,
			);
			defaultConfigurationIsVisible = 0;
		};
/* End XCConfigurationList section */
	};
	rootObject = D42685941BE2F21F0082CA2F /* Project object */;
}
